
Microsoft Visual Studio Solution File, Format Version 12.00
# Visual Studio Version 16
VisualStudioVersion = 16.0.30717.126
MinimumVisualStudioVersion = 10.0.40219.1
Project("{9A19103F-16F7-4668-BE54-9A1E7A4F7556}") = "Day1", "Day1\Day1.csproj", "{C348D8A7-9254-4F26-B58A-44265467AD14}"
EndProject
Project("{9A19103F-16F7-4668-BE54-9A1E7A4F7556}") = "AOC.Base", "AOC.Base\AOC.Base.csproj", "{0C82C29C-EDAA-42E4-89DE-D5F2D3C9F267}"
EndProject
Project("{9A19103F-16F7-4668-BE54-9A1E7A4F7556}") = "Day2", "Day2\Day2.csproj", "{40C57146-0130-4483-8CE9-4EEA4A4743DB}"
EndProject
Project("{9A19103F-16F7-4668-BE54-9A1E7A4F7556}") = "Day3", "Day3\Day3.csproj", "{40DBC082-7EA1-4EB7-A5B5-DA09C346439D}"
EndProject
Project("{9A19103F-16F7-4668-BE54-9A1E7A4F7556}") = "AOC.Template", "AOC.Template\AOC.Template.csproj", "{9F64D16C-6E64-4EDC-BD10-4DB61CCE83AE}"
EndProject
Project("{9A19103F-16F7-4668-BE54-9A1E7A4F7556}") = "Day4", "Day4\Day4.csproj", "{E0B8139F-322A-4B07-A236-98C4DE28FFFD}"
EndProject
Project("{9A19103F-16F7-4668-BE54-9A1E7A4F7556}") = "Day5", "Day5\Day5.csproj", "{4A7DB87E-89F1-4DF9-AEA4-32846B93E951}"
EndProject
Project("{9A19103F-16F7-4668-BE54-9A1E7A4F7556}") = "Day6", "Day6\Day6.csproj", "{FEA404AA-32DC-48F8-9B2D-E686175B7EC6}"
EndProject
Project("{9A19103F-16F7-4668-BE54-9A1E7A4F7556}") = "Day7", "Day7\Day7.csproj", "{07A1BDEC-13D1-4F49-A3AA-535D53360C95}"
EndProject
Project("{9A19103F-16F7-4668-BE54-9A1E7A4F7556}") = "Day8", "Day8\Day8.csproj", "{A1FD6CFC-9335-4B13-997C-D5CDDA8B499B}"
EndProject
Project("{9A19103F-16F7-4668-BE54-9A1E7A4F7556}") = "Day9", "Day9\Day9.csproj", "{F2AEBB00-FF62-4BCC-8145-EB1798FF177A}"
EndProject
Project("{9A19103F-16F7-4668-BE54-9A1E7A4F7556}") = "Day10", "Day10\Day10.csproj", "{46E4121F-DBA6-4969-B143-1521AEB927D4}"
EndProject
Project("{9A19103F-16F7-4668-BE54-9A1E7A4F7556}") = "Day11", "Day11\Day11.csproj", "{8B1F97CD-D93E-48BF-9FD2-D56F2DE450D8}"
EndProject
Project("{9A19103F-16F7-4668-BE54-9A1E7A4F7556}") = "Day12", "Day12\Day12.csproj", "{17B2CC70-56FB-4B7B-9C09-8091905F92BC}"
EndProject
Project("{FAE04EC0-301F-11D3-BF4B-00C04F79EFBC}") = "Day13", "Day13\Day13.csproj", "{CBDF98A7-E65E-4EB6-8FC1-09DA89E5F739}"
EndProject
Global
	GlobalSection(SolutionConfigurationPlatforms) = preSolution
		Debug|Any CPU = Debug|Any CPU
		Release|Any CPU = Release|Any CPU
	EndGlobalSection
	GlobalSection(ProjectConfigurationPlatforms) = postSolution
		{C348D8A7-9254-4F26-B58A-44265467AD14}.Debug|Any CPU.ActiveCfg = Debug|Any CPU
		{C348D8A7-9254-4F26-B58A-44265467AD14}.Debug|Any CPU.Build.0 = Debug|Any CPU
		{C348D8A7-9254-4F26-B58A-44265467AD14}.Release|Any CPU.ActiveCfg = Release|Any CPU
		{C348D8A7-9254-4F26-B58A-44265467AD14}.Release|Any CPU.Build.0 = Release|Any CPU
		{0C82C29C-EDAA-42E4-89DE-D5F2D3C9F267}.Debug|Any CPU.ActiveCfg = Debug|Any CPU
		{0C82C29C-EDAA-42E4-89DE-D5F2D3C9F267}.Debug|Any CPU.Build.0 = Debug|Any CPU
		{0C82C29C-EDAA-42E4-89DE-D5F2D3C9F267}.Release|Any CPU.ActiveCfg = Release|Any CPU
		{0C82C29C-EDAA-42E4-89DE-D5F2D3C9F267}.Release|Any CPU.Build.0 = Release|Any CPU
		{40C57146-0130-4483-8CE9-4EEA4A4743DB}.Debug|Any CPU.ActiveCfg = Debug|Any CPU
		{40C57146-0130-4483-8CE9-4EEA4A4743DB}.Debug|Any CPU.Build.0 = Debug|Any CPU
		{40C57146-0130-4483-8CE9-4EEA4A4743DB}.Release|Any CPU.ActiveCfg = Release|Any CPU
		{40C57146-0130-4483-8CE9-4EEA4A4743DB}.Release|Any CPU.Build.0 = Release|Any CPU
		{40DBC082-7EA1-4EB7-A5B5-DA09C346439D}.Debug|Any CPU.ActiveCfg = Debug|Any CPU
		{40DBC082-7EA1-4EB7-A5B5-DA09C346439D}.Debug|Any CPU.Build.0 = Debug|Any CPU
		{40DBC082-7EA1-4EB7-A5B5-DA09C346439D}.Release|Any CPU.ActiveCfg = Release|Any CPU
		{40DBC082-7EA1-4EB7-A5B5-DA09C346439D}.Release|Any CPU.Build.0 = Release|Any CPU
		{9F64D16C-6E64-4EDC-BD10-4DB61CCE83AE}.Debug|Any CPU.ActiveCfg = Debug|Any CPU
		{9F64D16C-6E64-4EDC-BD10-4DB61CCE83AE}.Debug|Any CPU.Build.0 = Debug|Any CPU
		{9F64D16C-6E64-4EDC-BD10-4DB61CCE83AE}.Release|Any CPU.ActiveCfg = Release|Any CPU
		{9F64D16C-6E64-4EDC-BD10-4DB61CCE83AE}.Release|Any CPU.Build.0 = Release|Any CPU
		{E0B8139F-322A-4B07-A236-98C4DE28FFFD}.Debug|Any CPU.ActiveCfg = Debug|Any CPU
		{E0B8139F-322A-4B07-A236-98C4DE28FFFD}.Debug|Any CPU.Build.0 = Debug|Any CPU
		{E0B8139F-322A-4B07-A236-98C4DE28FFFD}.Release|Any CPU.ActiveCfg = Release|Any CPU
		{E0B8139F-322A-4B07-A236-98C4DE28FFFD}.Release|Any CPU.Build.0 = Release|Any CPU
		{4A7DB87E-89F1-4DF9-AEA4-32846B93E951}.Debug|Any CPU.ActiveCfg = Debug|Any CPU
		{4A7DB87E-89F1-4DF9-AEA4-32846B93E951}.Debug|Any CPU.Build.0 = Debug|Any CPU
		{4A7DB87E-89F1-4DF9-AEA4-32846B93E951}.Release|Any CPU.ActiveCfg = Release|Any CPU
		{4A7DB87E-89F1-4DF9-AEA4-32846B93E951}.Release|Any CPU.Build.0 = Release|Any CPU
		{FEA404AA-32DC-48F8-9B2D-E686175B7EC6}.Debug|Any CPU.ActiveCfg = Debug|Any CPU
		{FEA404AA-32DC-48F8-9B2D-E686175B7EC6}.Debug|Any CPU.Build.0 = Debug|Any CPU
		{FEA404AA-32DC-48F8-9B2D-E686175B7EC6}.Release|Any CPU.ActiveCfg = Release|Any CPU
		{FEA404AA-32DC-48F8-9B2D-E686175B7EC6}.Release|Any CPU.Build.0 = Release|Any CPU
		{07A1BDEC-13D1-4F49-A3AA-535D53360C95}.Debug|Any CPU.ActiveCfg = Debug|Any CPU
		{07A1BDEC-13D1-4F49-A3AA-535D53360C95}.Debug|Any CPU.Build.0 = Debug|Any CPU
		{07A1BDEC-13D1-4F49-A3AA-535D53360C95}.Release|Any CPU.ActiveCfg = Release|Any CPU
		{07A1BDEC-13D1-4F49-A3AA-535D53360C95}.Release|Any CPU.Build.0 = Release|Any CPU
		{A1FD6CFC-9335-4B13-997C-D5CDDA8B499B}.Debug|Any CPU.ActiveCfg = Debug|Any CPU
		{A1FD6CFC-9335-4B13-997C-D5CDDA8B499B}.Debug|Any CPU.Build.0 = Debug|Any CPU
		{A1FD6CFC-9335-4B13-997C-D5CDDA8B499B}.Release|Any CPU.ActiveCfg = Release|Any CPU
		{A1FD6CFC-9335-4B13-997C-D5CDDA8B499B}.Release|Any CPU.Build.0 = Release|Any CPU
		{F2AEBB00-FF62-4BCC-8145-EB1798FF177A}.Debug|Any CPU.ActiveCfg = Debug|Any CPU
		{F2AEBB00-FF62-4BCC-8145-EB1798FF177A}.Debug|Any CPU.Build.0 = Debug|Any CPU
		{F2AEBB00-FF62-4BCC-8145-EB1798FF177A}.Release|Any CPU.ActiveCfg = Release|Any CPU
		{F2AEBB00-FF62-4BCC-8145-EB1798FF177A}.Release|Any CPU.Build.0 = Release|Any CPU
		{46E4121F-DBA6-4969-B143-1521AEB927D4}.Debug|Any CPU.ActiveCfg = Debug|Any CPU
		{46E4121F-DBA6-4969-B143-1521AEB927D4}.Debug|Any CPU.Build.0 = Debug|Any CPU
		{46E4121F-DBA6-4969-B143-1521AEB927D4}.Release|Any CPU.ActiveCfg = Release|Any CPU
		{46E4121F-DBA6-4969-B143-1521AEB927D4}.Release|Any CPU.Build.0 = Release|Any CPU
		{8B1F97CD-D93E-48BF-9FD2-D56F2DE450D8}.Debug|Any CPU.ActiveCfg = Debug|Any CPU
		{8B1F97CD-D93E-48BF-9FD2-D56F2DE450D8}.Debug|Any CPU.Build.0 = Debug|Any CPU
		{8B1F97CD-D93E-48BF-9FD2-D56F2DE450D8}.Release|Any CPU.ActiveCfg = Release|Any CPU
		{8B1F97CD-D93E-48BF-9FD2-D56F2DE450D8}.Release|Any CPU.Build.0 = Release|Any CPU
		{17B2CC70-56FB-4B7B-9C09-8091905F92BC}.Debug|Any CPU.ActiveCfg = Debug|Any CPU
		{17B2CC70-56FB-4B7B-9C09-8091905F92BC}.Debug|Any CPU.Build.0 = Debug|Any CPU
		{17B2CC70-56FB-4B7B-9C09-8091905F92BC}.Release|Any CPU.ActiveCfg = Release|Any CPU
		{17B2CC70-56FB-4B7B-9C09-8091905F92BC}.Release|Any CPU.Build.0 = Release|Any CPU
		{CBDF98A7-E65E-4EB6-8FC1-09DA89E5F739}.Debug|Any CPU.ActiveCfg = Debug|Any CPU
		{CBDF98A7-E65E-4EB6-8FC1-09DA89E5F739}.Debug|Any CPU.Build.0 = Debug|Any CPU
		{CBDF98A7-E65E-4EB6-8FC1-09DA89E5F739}.Release|Any CPU.ActiveCfg = Release|Any CPU
		{CBDF98A7-E65E-4EB6-8FC1-09DA89E5F739}.Release|Any CPU.Build.0 = Release|Any CPU
	EndGlobalSection
	GlobalSection(SolutionProperties) = preSolution
		HideSolutionNode = FALSE
	EndGlobalSection
	GlobalSection(ExtensibilityGlobals) = postSolution
		SolutionGuid = {42C2823B-A539-433D-9D97-05447E6211F8}
	EndGlobalSection
EndGlobal
