
Microsoft Visual Studio Solution File, Format Version 12.00
# Visual Studio Version 16
VisualStudioVersion = 16.0.30717.126
MinimumVisualStudioVersion = 10.0.40219.1
Project("{9A19103F-16F7-4668-BE54-9A1E7A4F7556}") = "Day1", "Day1\Day1.csproj", "{C348D8A7-9254-4F26-B58A-44265467AD14}"
EndProject
Project("{9A19103F-16F7-4668-BE54-9A1E7A4F7556}") = "AOC.Base", "AOC.Base\AOC.Base.csproj", "{0C82C29C-EDAA-42E4-89DE-D5F2D3C9F267}"
EndProject
Project("{9A19103F-16F7-4668-BE54-9A1E7A4F7556}") = "Day2", "Day2\Day2.csproj", "{40C57146-0130-4483-8CE9-4EEA4A4743DB}"
EndProject
Project("{FAE04EC0-301F-11D3-BF4B-00C04F79EFBC}") = "Day3", "Day3\Day3.csproj", "{40DBC082-7EA1-4EB7-A5B5-DA09C346439D}"
EndProject
Global
	GlobalSection(SolutionConfigurationPlatforms) = preSolution
		Debug|Any CPU = Debug|Any CPU
		Release|Any CPU = Release|Any CPU
	EndGlobalSection
	GlobalSection(ProjectConfigurationPlatforms) = postSolution
		{C348D8A7-9254-4F26-B58A-44265467AD14}.Debug|Any CPU.ActiveCfg = Debug|Any CPU
		{C348D8A7-9254-4F26-B58A-44265467AD14}.Debug|Any CPU.Build.0 = Debug|Any CPU
		{C348D8A7-9254-4F26-B58A-44265467AD14}.Release|Any CPU.ActiveCfg = Release|Any CPU
		{C348D8A7-9254-4F26-B58A-44265467AD14}.Release|Any CPU.Build.0 = Release|Any CPU
		{0C82C29C-EDAA-42E4-89DE-D5F2D3C9F267}.Debug|Any CPU.ActiveCfg = Debug|Any CPU
		{0C82C29C-EDAA-42E4-89DE-D5F2D3C9F267}.Debug|Any CPU.Build.0 = Debug|Any CPU
		{0C82C29C-EDAA-42E4-89DE-D5F2D3C9F267}.Release|Any CPU.ActiveCfg = Release|Any CPU
		{0C82C29C-EDAA-42E4-89DE-D5F2D3C9F267}.Release|Any CPU.Build.0 = Release|Any CPU
		{40C57146-0130-4483-8CE9-4EEA4A4743DB}.Debug|Any CPU.ActiveCfg = Debug|Any CPU
		{40C57146-0130-4483-8CE9-4EEA4A4743DB}.Debug|Any CPU.Build.0 = Debug|Any CPU
		{40C57146-0130-4483-8CE9-4EEA4A4743DB}.Release|Any CPU.ActiveCfg = Release|Any CPU
		{40C57146-0130-4483-8CE9-4EEA4A4743DB}.Release|Any CPU.Build.0 = Release|Any CPU
		{40DBC082-7EA1-4EB7-A5B5-DA09C346439D}.Debug|Any CPU.ActiveCfg = Debug|Any CPU
		{40DBC082-7EA1-4EB7-A5B5-DA09C346439D}.Debug|Any CPU.Build.0 = Debug|Any CPU
		{40DBC082-7EA1-4EB7-A5B5-DA09C346439D}.Release|Any CPU.ActiveCfg = Release|Any CPU
		{40DBC082-7EA1-4EB7-A5B5-DA09C346439D}.Release|Any CPU.Build.0 = Release|Any CPU
	EndGlobalSection
	GlobalSection(SolutionProperties) = preSolution
		HideSolutionNode = FALSE
	EndGlobalSection
	GlobalSection(ExtensibilityGlobals) = postSolution
		SolutionGuid = {42C2823B-A539-433D-9D97-05447E6211F8}
	EndGlobalSection
EndGlobal
